
Microsoft Visual Studio Solution File, Format Version 12.00
# Visual Studio Version 17
VisualStudioVersion = 17.0.31903.59
MinimumVisualStudioVersion = 10.0.40219.1
Project("{FAE04EC0-301F-11D3-BF4B-00C04F79EFBC}") = "LogixDriver", "LogixDriver.csproj", "{9B024DA6-82BC-41F6-A391-52E69653CBBD}"
EndProject
Project("{FAE04EC0-301F-11D3-BF4B-00C04F79EFBC}") = "ConsoleTest", "ConsoleTest\ConsoleTest.csproj", "{EE06DCC7-CC5C-4E79-BE9F-33508039FFFC}"
EndProject
Global
	GlobalSection(SolutionConfigurationPlatforms) = preSolution
		Debug|Any CPU = Debug|Any CPU
		Debug|x64 = Debug|x64
		Debug|x86 = Debug|x86
		Release|Any CPU = Release|Any CPU
		Release|x64 = Release|x64
		Release|x86 = Release|x86
	EndGlobalSection
	GlobalSection(ProjectConfigurationPlatforms) = postSolution
		{9B024DA6-82BC-41F6-A391-52E69653CBBD}.Debug|Any CPU.ActiveCfg = Debug|Any CPU
		{9B024DA6-82BC-41F6-A391-52E69653CBBD}.Debug|Any CPU.Build.0 = Debug|Any CPU
		{9B024DA6-82BC-41F6-A391-52E69653CBBD}.Debug|x64.ActiveCfg = Debug|Any CPU
		{9B024DA6-82BC-41F6-A391-52E69653CBBD}.Debug|x64.Build.0 = Debug|Any CPU
		{9B024DA6-82BC-41F6-A391-52E69653CBBD}.Debug|x86.ActiveCfg = Debug|Any CPU
		{9B024DA6-82BC-41F6-A391-52E69653CBBD}.Debug|x86.Build.0 = Debug|Any CPU
		{9B024DA6-82BC-41F6-A391-52E69653CBBD}.Release|Any CPU.ActiveCfg = Release|Any CPU
		{9B024DA6-82BC-41F6-A391-52E69653CBBD}.Release|Any CPU.Build.0 = Release|Any CPU
		{9B024DA6-82BC-41F6-A391-52E69653CBBD}.Release|x64.ActiveCfg = Release|Any CPU
		{9B024DA6-82BC-41F6-A391-52E69653CBBD}.Release|x64.Build.0 = Release|Any CPU
		{9B024DA6-82BC-41F6-A391-52E69653CBBD}.Release|x86.ActiveCfg = Release|Any CPU
		{9B024DA6-82BC-41F6-A391-52E69653CBBD}.Release|x86.Build.0 = Release|Any CPU
		{EE06DCC7-CC5C-4E79-BE9F-33508039FFFC}.Debug|Any CPU.ActiveCfg = Debug|Any CPU
		{EE06DCC7-CC5C-4E79-BE9F-33508039FFFC}.Debug|Any CPU.Build.0 = Debug|Any CPU
		{EE06DCC7-CC5C-4E79-BE9F-33508039FFFC}.Debug|x64.ActiveCfg = Debug|Any CPU
		{EE06DCC7-CC5C-4E79-BE9F-33508039FFFC}.Debug|x64.Build.0 = Debug|Any CPU
		{EE06DCC7-CC5C-4E79-BE9F-33508039FFFC}.Debug|x86.ActiveCfg = Debug|Any CPU
		{EE06DCC7-CC5C-4E79-BE9F-33508039FFFC}.Debug|x86.Build.0 = Debug|Any CPU
		{EE06DCC7-CC5C-4E79-BE9F-33508039FFFC}.Release|Any CPU.ActiveCfg = Release|Any CPU
		{EE06DCC7-CC5C-4E79-BE9F-33508039FFFC}.Release|Any CPU.Build.0 = Release|Any CPU
		{EE06DCC7-CC5C-4E79-BE9F-33508039FFFC}.Release|x64.ActiveCfg = Release|Any CPU
		{EE06DCC7-CC5C-4E79-BE9F-33508039FFFC}.Release|x64.Build.0 = Release|Any CPU
		{EE06DCC7-CC5C-4E79-BE9F-33508039FFFC}.Release|x86.ActiveCfg = Release|Any CPU
		{EE06DCC7-CC5C-4E79-BE9F-33508039FFFC}.Release|x86.Build.0 = Release|Any CPU
	EndGlobalSection
	GlobalSection(SolutionProperties) = preSolution
		HideSolutionNode = FALSE
	EndGlobalSection
EndGlobal
